PODS:
  - IQKeyboardManager (6.5.6)
  - LinkV-Communication (0.0.2)
  - Masonry (1.1.0)
  - StrangerChat (0.1.1):
    - LinkV-Communication

DEPENDENCIES:
  - IQKeyboardManager
  - Masonry
  - StrangerChat (from `../`)

SPEC REPOS:
  https://github.com/CocoaPods/Specs.git:
    - IQKeyboardManager
    - LinkV-Communication
    - Masonry

EXTERNAL SOURCES:
  StrangerChat:
    :path: "../"

SPEC CHECKSUMS:
  IQKeyboardManager: 2a6e97afdafc7becf0cb17a9a8d795e3a980717f
  LinkV-Communication: ee6c9655b95c696825bc33add3ce3f5009350a72
  Masonry: 678fab65091a9290e40e2832a55e7ab731aad201
  StrangerChat: b484f0a26ff98797b12febe2fd31ce339b82761d

PODFILE CHECKSUM: 4e3a0a4a997e96cfdbe16cce88fb77dd23c1bc7a

COCOAPODS: 1.9.3
